
Microsoft Visual Studio Solution File, Format Version 12.00
# Visual Studio Version 17
VisualStudioVersion = 17.6.33815.320
MinimumVisualStudioVersion = 10.0.40219.1
Project("{9A19103F-16F7-4668-BE54-9A1E7A4F7556}") = "Singleton", "Singleton\Singleton.csproj", "{ED36CEC8-A998-4B17-906C-6400B30CE716}"
EndProject
Project("{9A19103F-16F7-4668-BE54-9A1E7A4F7556}") = "Multiton", "Multiton\Multiton.csproj", "{C45D632F-40EB-426F-9A4E-611F4A35D6A5}"
EndProject
Project("{9A19103F-16F7-4668-BE54-9A1E7A4F7556}") = "FactoryPattern", "FactoryPattern\FactoryPattern.csproj", "{A8D2780A-6699-464E-B807-521E5A5D9AB2}"
EndProject
Project("{FAE04EC0-301F-11D3-BF4B-00C04F79EFBC}") = "FactoryMethodPattern", "FactoryMethodPattern\FactoryMethodPattern.csproj", "{CB713497-A973-4B01-8324-8DD90789B3CD}"
EndProject
Global
	GlobalSection(SolutionConfigurationPlatforms) = preSolution
		Debug|Any CPU = Debug|Any CPU
		Release|Any CPU = Release|Any CPU
	EndGlobalSection
	GlobalSection(ProjectConfigurationPlatforms) = postSolution
		{ED36CEC8-A998-4B17-906C-6400B30CE716}.Debug|Any CPU.ActiveCfg = Debug|Any CPU
		{ED36CEC8-A998-4B17-906C-6400B30CE716}.Debug|Any CPU.Build.0 = Debug|Any CPU
		{ED36CEC8-A998-4B17-906C-6400B30CE716}.Release|Any CPU.ActiveCfg = Release|Any CPU
		{ED36CEC8-A998-4B17-906C-6400B30CE716}.Release|Any CPU.Build.0 = Release|Any CPU
		{C45D632F-40EB-426F-9A4E-611F4A35D6A5}.Debug|Any CPU.ActiveCfg = Debug|Any CPU
		{C45D632F-40EB-426F-9A4E-611F4A35D6A5}.Debug|Any CPU.Build.0 = Debug|Any CPU
		{C45D632F-40EB-426F-9A4E-611F4A35D6A5}.Release|Any CPU.ActiveCfg = Release|Any CPU
		{C45D632F-40EB-426F-9A4E-611F4A35D6A5}.Release|Any CPU.Build.0 = Release|Any CPU
		{A8D2780A-6699-464E-B807-521E5A5D9AB2}.Debug|Any CPU.ActiveCfg = Debug|Any CPU
		{A8D2780A-6699-464E-B807-521E5A5D9AB2}.Debug|Any CPU.Build.0 = Debug|Any CPU
		{A8D2780A-6699-464E-B807-521E5A5D9AB2}.Release|Any CPU.ActiveCfg = Release|Any CPU
		{A8D2780A-6699-464E-B807-521E5A5D9AB2}.Release|Any CPU.Build.0 = Release|Any CPU
		{CB713497-A973-4B01-8324-8DD90789B3CD}.Debug|Any CPU.ActiveCfg = Debug|Any CPU
		{CB713497-A973-4B01-8324-8DD90789B3CD}.Debug|Any CPU.Build.0 = Debug|Any CPU
		{CB713497-A973-4B01-8324-8DD90789B3CD}.Release|Any CPU.ActiveCfg = Release|Any CPU
		{CB713497-A973-4B01-8324-8DD90789B3CD}.Release|Any CPU.Build.0 = Release|Any CPU
	EndGlobalSection
	GlobalSection(SolutionProperties) = preSolution
		HideSolutionNode = FALSE
	EndGlobalSection
	GlobalSection(ExtensibilityGlobals) = postSolution
		SolutionGuid = {0002043D-CDBB-419D-962E-2023A2AAD125}
	EndGlobalSection
EndGlobal
